
Microsoft Visual Studio Solution File, Format Version 12.00
# Visual Studio 15
VisualStudioVersion = 15.0.27703.2018
MinimumVisualStudioVersion = 10.0.40219.1
Project("{FAE04EC0-301F-11D3-BF4B-00C04F79EFBC}") = "CloudReseller.Api", "CloudReseller.Api\CloudReseller.Api.csproj", "{A2BD9852-123F-4DC6-9A27-CC4303BDFB02}"
EndProject
Global
	GlobalSection(SolutionConfigurationPlatforms) = preSolution
		Debug|Any CPU = Debug|Any CPU
		Release|Any CPU = Release|Any CPU
	EndGlobalSection
	GlobalSection(ProjectConfigurationPlatforms) = postSolution
		{A2BD9852-123F-4DC6-9A27-CC4303BDFB02}.Debug|Any CPU.ActiveCfg = Debug|Any CPU
		{A2BD9852-123F-4DC6-9A27-CC4303BDFB02}.Debug|Any CPU.Build.0 = Debug|Any CPU
		{A2BD9852-123F-4DC6-9A27-CC4303BDFB02}.Release|Any CPU.ActiveCfg = Release|Any CPU
		{A2BD9852-123F-4DC6-9A27-CC4303BDFB02}.Release|Any CPU.Build.0 = Release|Any CPU
	EndGlobalSection
	GlobalSection(SolutionProperties) = preSolution
		HideSolutionNode = FALSE
	EndGlobalSection
	GlobalSection(ExtensibilityGlobals) = postSolution
		SolutionGuid = {68EB2376-3910-4F79-B383-395431DB3D40}
	EndGlobalSection
EndGlobal
